{
  "name": "@voxgig/station-js",
  "version": "0.0.2",
  "lockfileVersion": 3,
  "requires": true,
  "packages": {
    "": {
      "name": "@voxgig/station-js",
      "version": "0.0.2",
      "license": "MIT",
      "dependencies": {
        "@voxgig/sekreto-js": "^0.1.0"
      }
    },
    "node_modules/@voxgig/sekreto-js": {
      "version": "0.1.1",
      "resolved": "https://registry.npmjs.org/@voxgig/sekreto-js/-/sekreto-js-0.1.1.tgz",
      "integrity": "sha512-ZoV+V/0syoTnMl755iKlyivCOKB6aTkJjcz71EadpzxIOHAQxoK9kH9TIgCMCbrAoNrRwIm/m9Olj26x4bfrmw==",
      "license": "MIT"
    }
  }
}
