{
  "name": "@voxgig/station-js",
  "version": "0.0.2",
  "lockfileVersion": 3,
  "requires": true,
  "packages": {
    "": {
      "name": "@voxgig/station-js",
      "version": "0.0.2",
      "license": "MIT",
      "dependencies": {
        "@voxgig/sekreto-js": "^0.2.0"
      }
    },
    "node_modules/@voxgig/plugin-js": {
      "version": "0.1.7",
      "resolved": "https://registry.npmjs.org/@voxgig/plugin-js/-/plugin-js-0.1.7.tgz",
      "integrity": "sha512-5Yss7DZ8CJgk4I6xVQrL4IsPmatr87KZO1T33hQCdAXS1QuNH0yQZJAr14EXfT1H29vZV7loRsxYEVsquDEbEw==",
      "license": "MIT"
    },
    "node_modules/@voxgig/sekreto-js": {
      "version": "0.2.0",
      "resolved": "https://registry.npmjs.org/@voxgig/sekreto-js/-/sekreto-js-0.2.0.tgz",
      "integrity": "sha512-HIjOyBGWaBSTudameb7s0avGYwaVCwx3223Vo6kCrGxw5EPLu0O7wqKZAyyCBUAmVKWkNzIrUuZxaWYRxhmNpw==",
      "license": "MIT",
      "dependencies": {
        "@voxgig/plugin-js": "^0.1.6"
      }
    }
  }
}
